
Microsoft Visual Studio Solution File, Format Version 12.00
# Visual Studio 15
VisualStudioVersion = 15.0.28010.2003
MinimumVisualStudioVersion = 10.0.40219.1
Project("{2150E333-8FDC-42A3-9474-1A3956D46DE8}") = "src", "src", "{2EFA11FF-DE61-4F00-B83B-B67D37C9E956}"
EndProject
Project("{9A19103F-16F7-4668-BE54-9A1E7A4F7556}") = "CV.Domain", "src\CV.Domain\CV.Domain.csproj", "{B66DC0AD-8AA1-461B-93D7-2B9912037DD6}"
EndProject
Project("{9A19103F-16F7-4668-BE54-9A1E7A4F7556}") = "CV.Infrastructure", "src\CV.Infrastructure\CV.Infrastructure.csproj", "{D43D6367-95C8-4A1D-9AC7-D4BEBC3018E0}"
EndProject
Project("{FAE04EC0-301F-11D3-BF4B-00C04F79EFBC}") = "CV.Api", "src\CV.Api\CV.Api.csproj", "{417F69CC-65C2-4880-B764-EF17CB49784A}"
EndProject
Global
	GlobalSection(SolutionConfigurationPlatforms) = preSolution
		Debug|Any CPU = Debug|Any CPU
		Release|Any CPU = Release|Any CPU
	EndGlobalSection
	GlobalSection(ProjectConfigurationPlatforms) = postSolution
		{B66DC0AD-8AA1-461B-93D7-2B9912037DD6}.Debug|Any CPU.ActiveCfg = Debug|Any CPU
		{B66DC0AD-8AA1-461B-93D7-2B9912037DD6}.Debug|Any CPU.Build.0 = Debug|Any CPU
		{B66DC0AD-8AA1-461B-93D7-2B9912037DD6}.Release|Any CPU.ActiveCfg = Release|Any CPU
		{B66DC0AD-8AA1-461B-93D7-2B9912037DD6}.Release|Any CPU.Build.0 = Release|Any CPU
		{D43D6367-95C8-4A1D-9AC7-D4BEBC3018E0}.Debug|Any CPU.ActiveCfg = Debug|Any CPU
		{D43D6367-95C8-4A1D-9AC7-D4BEBC3018E0}.Debug|Any CPU.Build.0 = Debug|Any CPU
		{D43D6367-95C8-4A1D-9AC7-D4BEBC3018E0}.Release|Any CPU.ActiveCfg = Release|Any CPU
		{D43D6367-95C8-4A1D-9AC7-D4BEBC3018E0}.Release|Any CPU.Build.0 = Release|Any CPU
		{417F69CC-65C2-4880-B764-EF17CB49784A}.Debug|Any CPU.ActiveCfg = Debug|Any CPU
		{417F69CC-65C2-4880-B764-EF17CB49784A}.Debug|Any CPU.Build.0 = Debug|Any CPU
		{417F69CC-65C2-4880-B764-EF17CB49784A}.Release|Any CPU.ActiveCfg = Release|Any CPU
		{417F69CC-65C2-4880-B764-EF17CB49784A}.Release|Any CPU.Build.0 = Release|Any CPU
	EndGlobalSection
	GlobalSection(SolutionProperties) = preSolution
		HideSolutionNode = FALSE
	EndGlobalSection
	GlobalSection(NestedProjects) = preSolution
		{B66DC0AD-8AA1-461B-93D7-2B9912037DD6} = {2EFA11FF-DE61-4F00-B83B-B67D37C9E956}
		{D43D6367-95C8-4A1D-9AC7-D4BEBC3018E0} = {2EFA11FF-DE61-4F00-B83B-B67D37C9E956}
		{417F69CC-65C2-4880-B764-EF17CB49784A} = {2EFA11FF-DE61-4F00-B83B-B67D37C9E956}
	EndGlobalSection
	GlobalSection(ExtensibilityGlobals) = postSolution
		SolutionGuid = {F61CA686-0955-4B05-A823-ACDCC8E9F645}
	EndGlobalSection
EndGlobal
